// !$*UTF8*$!
{
	archiveVersion = 1;
	classes = {
	};
	objectVersion = 46;
	objects = {

/* Begin PBXBuildFile section */
		3866FB3F0C83D00E3ACC1FDB /* Pods_MoreSQLUITests.framework in Frameworks */ = {isa = PBXBuildFile; fileRef = AC06D7D963B55D8D99E71AC0 /* Pods_MoreSQLUITests.framework */; };
		73641A3388E217AE6E0FCA43 /* Pods_MoreSQLTests.framework in Frameworks */ = {isa = PBXBuildFile; fileRef = 0458528CAB97AB739FEC2171 /* Pods_MoreSQLTests.framework */; };
		BE04036429F71707A07A881B /* Pods_MoreSQL.framework in Frameworks */ = {isa = PBXBuildFile; fileRef = FC761CAA8C68ECA86DAAA8F7 /* Pods_MoreSQL.framework */; };
		D931EAC91E2DF4BC00085F7C /* SQLite.swift in Sources */ = {isa = PBXBuildFile; fileRef = D931EAC81E2DF4BC00085F7C /* SQLite.swift */; };
		D96AF3641E24F45400AAA44C /* AppDelegate.swift in Sources */ = {isa = PBXBuildFile; fileRef = D96AF3631E24F45400AAA44C /* AppDelegate.swift */; };
		D96AF3661E24F45400AAA44C /* ViewController.swift in Sources */ = {isa = PBXBuildFile; fileRef = D96AF3651E24F45400AAA44C /* ViewController.swift */; };
		D96AF3691E24F45400AAA44C /* Main.storyboard in Resources */ = {isa = PBXBuildFile; fileRef = D96AF3671E24F45400AAA44C /* Main.storyboard */; };
		D96AF36E1E24F45400AAA44C /* Assets.xcassets in Resources */ = {isa = PBXBuildFile; fileRef = D96AF36D1E24F45400AAA44C /* Assets.xcassets */; };
		D96AF3711E24F45400AAA44C /* LaunchScreen.storyboard in Resources */ = {isa = PBXBuildFile; fileRef = D96AF36F1E24F45400AAA44C /* LaunchScreen.storyboard */; };
		D96AF37C1E24F45500AAA44C /* MoreSQLTests.swift in Sources */ = {isa = PBXBuildFile; fileRef = D96AF37B1E24F45500AAA44C /* MoreSQLTests.swift */; };
		D96AF3871E24F45500AAA44C /* MoreSQLUITests.swift in Sources */ = {isa = PBXBuildFile; fileRef = D96AF3861E24F45500AAA44C /* MoreSQLUITests.swift */; };
		D96AF3991E24F49300AAA44C /* SQLManager.swift in Sources */ = {isa = PBXBuildFile; fileRef = D96AF3981E24F49300AAA44C /* SQLManager.swift */; };
		D96AF39D1E24F4C700AAA44C /* libsqlite3.tbd in Frameworks */ = {isa = PBXBuildFile; fileRef = D96AF39C1E24F4C700AAA44C /* libsqlite3.tbd */; };
/* End PBXBuildFile section */

/* Begin PBXContainerItemProxy section */
		D96AF3781E24F45500AAA44C /* PBXContainerItemProxy */ = {
			isa = PBXContainerItemProxy;
			containerPortal = D96AF3581E24F45400AAA44C /* Project object */;
			proxyType = 1;
			remoteGlobalIDString = D96AF35F1E24F45400AAA44C;
			remoteInfo = MoreSQL;
		};
		D96AF3831E24F45500AAA44C /* PBXContainerItemProxy */ = {
			isa = PBXContainerItemProxy;
			containerPortal = D96AF3581E24F45400AAA44C /* Project object */;
			proxyType = 1;
			remoteGlobalIDString = D96AF35F1E24F45400AAA44C;
			remoteInfo = MoreSQL;
		};
/* End PBXContainerItemProxy section */

/* Begin PBXFileReference section */
		0458528CAB97AB739FEC2171 /* Pods_MoreSQLTests.framework */ = {isa = PBXFileReference; explicitFileType = wrapper.framework; includeInIndex = 0; path = Pods_MoreSQLTests.framework; sourceTree = BUILT_PRODUCTS_DIR; };
		5C97878122D26F76D203C690 /* Pods-MoreSQLUITests.release.xcconfig */ = {isa = PBXFileReference; includeInIndex = 1; lastKnownFileType = text.xcconfig; name = "Pods-MoreSQLUITests.release.xcconfig"; path = "Pods/Target Support Files/Pods-MoreSQLUITests/Pods-MoreSQLUITests.release.xcconfig"; sourceTree = "<group>"; };
		8D4665E1F8B312AB038ED51F /* Pods-MoreSQL.release.xcconfig */ = {isa = PBXFileReference; includeInIndex = 1; lastKnownFileType = text.xcconfig; name = "Pods-MoreSQL.release.xcconfig"; path = "Pods/Target Support Files/Pods-MoreSQL/Pods-MoreSQL.release.xcconfig"; sourceTree = "<group>"; };
		AC06D7D963B55D8D99E71AC0 /* Pods_MoreSQLUITests.framework */ = {isa = PBXFileReference; explicitFileType = wrapper.framework; includeInIndex = 0; path = Pods_MoreSQLUITests.framework; sourceTree = BUILT_PRODUCTS_DIR; };
		B13D55660CE418ED82CD20AA /* Pods-MoreSQLUITests.debug.xcconfig */ = {isa = PBXFileReference; includeInIndex = 1; lastKnownFileType = text.xcconfig; name = "Pods-MoreSQLUITests.debug.xcconfig"; path = "Pods/Target Support Files/Pods-MoreSQLUITests/Pods-MoreSQLUITests.debug.xcconfig"; sourceTree = "<group>"; };
		B2EF694A09841477C2A48292 /* Pods-MoreSQL.debug.xcconfig */ = {isa = PBXFileReference; includeInIndex = 1; lastKnownFileType = text.xcconfig; name = "Pods-MoreSQL.debug.xcconfig"; path = "Pods/Target Support Files/Pods-MoreSQL/Pods-MoreSQL.debug.xcconfig"; sourceTree = "<group>"; };
		CBA2770306096B348E12D8EF /* Pods-MoreSQLTests.debug.xcconfig */ = {isa = PBXFileReference; includeInIndex = 1; lastKnownFileType = text.xcconfig; name = "Pods-MoreSQLTests.debug.xcconfig"; path = "Pods/Target Support Files/Pods-MoreSQLTests/Pods-MoreSQLTests.debug.xcconfig"; sourceTree = "<group>"; };
		D931EAC81E2DF4BC00085F7C /* SQLite.swift */ = {isa = PBXFileReference; fileEncoding = 4; lastKnownFileType = sourcecode.swift; path = SQLite.swift; sourceTree = "<group>"; };
		D96AF3601E24F45400AAA44C /* MoreSQL.app */ = {isa = PBXFileReference; explicitFileType = wrapper.application; includeInIndex = 0; path = MoreSQL.app; sourceTree = BUILT_PRODUCTS_DIR; };
		D96AF3631E24F45400AAA44C /* AppDelegate.swift */ = {isa = PBXFileReference; lastKnownFileType = sourcecode.swift; path = AppDelegate.swift; sourceTree = "<group>"; };
		D96AF3651E24F45400AAA44C /* ViewController.swift */ = {isa = PBXFileReference; lastKnownFileType = sourcecode.swift; path = ViewController.swift; sourceTree = "<group>"; };
		D96AF3681E24F45400AAA44C /* Base */ = {isa = PBXFileReference; lastKnownFileType = file.storyboard; name = Base; path = Base.lproj/Main.storyboard; sourceTree = "<group>"; };
		D96AF36D1E24F45400AAA44C /* Assets.xcassets */ = {isa = PBXFileReference; lastKnownFileType = folder.assetcatalog; path = Assets.xcassets; sourceTree = "<group>"; };
		D96AF3701E24F45400AAA44C /* Base */ = {isa = PBXFileReference; lastKnownFileType = file.storyboard; name = Base; path = Base.lproj/LaunchScreen.storyboard; sourceTree = "<group>"; };
		D96AF3721E24F45400AAA44C /* Info.plist */ = {isa = PBXFileReference; lastKnownFileType = text.plist.xml; path = Info.plist; sourceTree = "<group>"; };
		D96AF3771E24F45500AAA44C /* MoreSQLTests.xctest */ = {isa = PBXFileReference; explicitFileType = wrapper.cfbundle; includeInIndex = 0; path = MoreSQLTests.xctest; sourceTree = BUILT_PRODUCTS_DIR; };
		D96AF37B1E24F45500AAA44C /* MoreSQLTests.swift */ = {isa = PBXFileReference; lastKnownFileType = sourcecode.swift; path = MoreSQLTests.swift; sourceTree = "<group>"; };
		D96AF37D1E24F45500AAA44C /* Info.plist */ = {isa = PBXFileReference; lastKnownFileType = text.plist.xml; path = Info.plist; sourceTree = "<group>"; };
		D96AF3821E24F45500AAA44C /* MoreSQLUITests.xctest */ = {isa = PBXFileReference; explicitFileType = wrapper.cfbundle; includeInIndex = 0; path = MoreSQLUITests.xctest; sourceTree = BUILT_PRODUCTS_DIR; };
		D96AF3861E24F45500AAA44C /* MoreSQLUITests.swift */ = {isa = PBXFileReference; lastKnownFileType = sourcecode.swift; path = MoreSQLUITests.swift; sourceTree = "<group>"; };
		D96AF3881E24F45500AAA44C /* Info.plist */ = {isa = PBXFileReference; lastKnownFileType = text.plist.xml; path = Info.plist; sourceTree = "<group>"; };
		D96AF3981E24F49300AAA44C /* SQLManager.swift */ = {isa = PBXFileReference; fileEncoding = 4; lastKnownFileType = sourcecode.swift; path = SQLManager.swift; sourceTree = "<group>"; };
		D96AF39C1E24F4C700AAA44C /* libsqlite3.tbd */ = {isa = PBXFileReference; lastKnownFileType = "sourcecode.text-based-dylib-definition"; name = libsqlite3.tbd; path = usr/lib/libsqlite3.tbd; sourceTree = SDKROOT; };
		D96AF39E1E24F4E500AAA44C /* SQL-Bridging.h */ = {isa = PBXFileReference; lastKnownFileType = sourcecode.c.h; path = "SQL-Bridging.h"; sourceTree = "<group>"; };
		F4EE6FD4B9E9FF5980798DE9 /* Pods-MoreSQLTests.release.xcconfig */ = {isa = PBXFileReference; includeInIndex = 1; lastKnownFileType = text.xcconfig; name = "Pods-MoreSQLTests.release.xcconfig"; path = "Pods/Target Support Files/Pods-MoreSQLTests/Pods-MoreSQLTests.release.xcconfig"; sourceTree = "<group>"; };
		FC761CAA8C68ECA86DAAA8F7 /* Pods_MoreSQL.framework */ = {isa = PBXFileReference; explicitFileType = wrapper.framework; includeInIndex = 0; path = Pods_MoreSQL.framework; sourceTree = BUILT_PRODUCTS_DIR; };
/* End PBXFileReference section */

/* Begin PBXFrameworksBuildPhase section */
		D96AF35D1E24F45400AAA44C /* Frameworks */ = {
			isa = PBXFrameworksBuildPhase;
			buildActionMask = 2147483647;
			files = (
				D96AF39D1E24F4C700AAA44C /* libsqlite3.tbd in Frameworks */,
				BE04036429F71707A07A881B /* Pods_MoreSQL.framework in Frameworks */,
			);
			runOnlyForDeploymentPostprocessing = 0;
		};
		D96AF3741E24F45500AAA44C /* Frameworks */ = {
			isa = PBXFrameworksBuildPhase;
			buildActionMask = 2147483647;
			files = (
				73641A3388E217AE6E0FCA43 /* Pods_MoreSQLTests.framework in Frameworks */,
			);
			runOnlyForDeploymentPostprocessing = 0;
		};
		D96AF37F1E24F45500AAA44C /* Frameworks */ = {
			isa = PBXFrameworksBuildPhase;
			buildActionMask = 2147483647;
			files = (
				3866FB3F0C83D00E3ACC1FDB /* Pods_MoreSQLUITests.framework in Frameworks */,
			);
			runOnlyForDeploymentPostprocessing = 0;
		};
/* End PBXFrameworksBuildPhase section */

/* Begin PBXGroup section */
		25EA82BD0BA76B9EB62D4623 /* Pods */ = {
			isa = PBXGroup;
			children = (
				B2EF694A09841477C2A48292 /* Pods-MoreSQL.debug.xcconfig */,
				8D4665E1F8B312AB038ED51F /* Pods-MoreSQL.release.xcconfig */,
				CBA2770306096B348E12D8EF /* Pods-MoreSQLTests.debug.xcconfig */,
				F4EE6FD4B9E9FF5980798DE9 /* Pods-MoreSQLTests.release.xcconfig */,
				B13D55660CE418ED82CD20AA /* Pods-MoreSQLUITests.debug.xcconfig */,
				5C97878122D26F76D203C690 /* Pods-MoreSQLUITests.release.xcconfig */,
			);
			name = Pods;
			sourceTree = "<group>";
		};
		D96AF3571E24F45400AAA44C = {
			isa = PBXGroup;
			children = (
				D96AF3621E24F45400AAA44C /* MoreSQL */,
				D96AF37A1E24F45500AAA44C /* MoreSQLTests */,
				D96AF3851E24F45500AAA44C /* MoreSQLUITests */,
				D96AF3611E24F45400AAA44C /* Products */,
				D96AF39B1E24F4C700AAA44C /* Frameworks */,
				25EA82BD0BA76B9EB62D4623 /* Pods */,
			);
			sourceTree = "<group>";
		};
		D96AF3611E24F45400AAA44C /* Products */ = {
			isa = PBXGroup;
			children = (
				D96AF3601E24F45400AAA44C /* MoreSQL.app */,
				D96AF3771E24F45500AAA44C /* MoreSQLTests.xctest */,
				D96AF3821E24F45500AAA44C /* MoreSQLUITests.xctest */,
			);
			name = Products;
			sourceTree = "<group>";
		};
		D96AF3621E24F45400AAA44C /* MoreSQL */ = {
			isa = PBXGroup;
			children = (
				D96AF3631E24F45400AAA44C /* AppDelegate.swift */,
				D96AF3651E24F45400AAA44C /* ViewController.swift */,
				D96AF3671E24F45400AAA44C /* Main.storyboard */,
				D96AF3981E24F49300AAA44C /* SQLManager.swift */,
				D931EAC81E2DF4BC00085F7C /* SQLite.swift */,
				D96AF36D1E24F45400AAA44C /* Assets.xcassets */,
				D96AF36F1E24F45400AAA44C /* LaunchScreen.storyboard */,
				D96AF39E1E24F4E500AAA44C /* SQL-Bridging.h */,
				D96AF3721E24F45400AAA44C /* Info.plist */,
			);
			path = MoreSQL;
			sourceTree = "<group>";
		};
		D96AF37A1E24F45500AAA44C /* MoreSQLTests */ = {
			isa = PBXGroup;
			children = (
				D96AF37B1E24F45500AAA44C /* MoreSQLTests.swift */,
				D96AF37D1E24F45500AAA44C /* Info.plist */,
			);
			path = MoreSQLTests;
			sourceTree = "<group>";
		};
		D96AF3851E24F45500AAA44C /* MoreSQLUITests */ = {
			isa = PBXGroup;
			children = (
				D96AF3861E24F45500AAA44C /* MoreSQLUITests.swift */,
				D96AF3881E24F45500AAA44C /* Info.plist */,
			);
			path = MoreSQLUITests;
			sourceTree = "<group>";
		};
		D96AF39B1E24F4C700AAA44C /* Frameworks */ = {
			isa = PBXGroup;
			children = (
				D96AF39C1E24F4C700AAA44C /* libsqlite3.tbd */,
				FC761CAA8C68ECA86DAAA8F7 /* Pods_MoreSQL.framework */,
				0458528CAB97AB739FEC2171 /* Pods_MoreSQLTests.framework */,
				AC06D7D963B55D8D99E71AC0 /* Pods_MoreSQLUITests.framework */,
			);
			name = Frameworks;
			sourceTree = "<group>";
		};
/* End PBXGroup section */

/* Begin PBXNativeTarget section */
		D96AF35F1E24F45400AAA44C /* MoreSQL */ = {
			isa = PBXNativeTarget;
			buildConfigurationList = D96AF38B1E24F45500AAA44C /* Build configuration list for PBXNativeTarget "MoreSQL" */;
			buildPhases = (
				462E124F302B3E4D0B3F0053 /* [CP] Check Pods Manifest.lock */,
				D96AF35C1E24F45400AAA44C /* Sources */,
				D96AF35D1E24F45400AAA44C /* Frameworks */,
				D96AF35E1E24F45400AAA44C /* Resources */,
				81C6FB3A5F3D6CCF6321F139 /* [CP] Embed Pods Frameworks */,
				6AA44A987812F493B548752F /* [CP] Copy Pods Resources */,
			);
			buildRules = (
			);
			dependencies = (
			);
			name = MoreSQL;
			productName = MoreSQL;
			productReference = D96AF3601E24F45400AAA44C /* MoreSQL.app */;
			productType = "com.apple.product-type.application";
		};
		D96AF3761E24F45500AAA44C /* MoreSQLTests */ = {
			isa = PBXNativeTarget;
			buildConfigurationList = D96AF38E1E24F45500AAA44C /* Build configuration list for PBXNativeTarget "MoreSQLTests" */;
			buildPhases = (
				DF182780ABF2FCA82792E9E1 /* [CP] Check Pods Manifest.lock */,
				D96AF3731E24F45500AAA44C /* Sources */,
				D96AF3741E24F45500AAA44C /* Frameworks */,
				D96AF3751E24F45500AAA44C /* Resources */,
				8D7C1A99990C3C37D39B927D /* [CP] Embed Pods Frameworks */,
				9475FCCC2A84F4BF775C57A0 /* [CP] Copy Pods Resources */,
			);
			buildRules = (
			);
			dependencies = (
				D96AF3791E24F45500AAA44C /* PBXTargetDependency */,
			);
			name = MoreSQLTests;
			productName = MoreSQLTests;
			productReference = D96AF3771E24F45500AAA44C /* MoreSQLTests.xctest */;
			productType = "com.apple.product-type.bundle.unit-test";
		};
		D96AF3811E24F45500AAA44C /* MoreSQLUITests */ = {
			isa = PBXNativeTarget;
			buildConfigurationList = D96AF3911E24F45500AAA44C /* Build configuration list for PBXNativeTarget "MoreSQLUITests" */;
			buildPhases = (
				06FF1F827C7E3BA5B7EDDEBE /* [CP] Check Pods Manifest.lock */,
				D96AF37E1E24F45500AAA44C /* Sources */,
				D96AF37F1E24F45500AAA44C /* Frameworks */,
				D96AF3801E24F45500AAA44C /* Resources */,
				5238363A267B88AD2E498280 /* [CP] Embed Pods Frameworks */,
				D212602C174C458C1F647AB6 /* [CP] Copy Pods Resources */,
			);
			buildRules = (
			);
			dependencies = (
				D96AF3841E24F45500AAA44C /* PBXTargetDependency */,
			);
			name = MoreSQLUITests;
			productName = MoreSQLUITests;
			productReference = D96AF3821E24F45500AAA44C /* MoreSQLUITests.xctest */;
			productType = "com.apple.product-type.bundle.ui-testing";
		};
/* End PBXNativeTarget section */

/* Begin PBXProject section */
		D96AF3581E24F45400AAA44C /* Project object */ = {
			isa = PBXProject;
			attributes = {
				LastSwiftUpdateCheck = 0820;
				LastUpgradeCheck = 0820;
				ORGANIZATIONNAME = "zhi zhou";
				TargetAttributes = {
					D96AF35F1E24F45400AAA44C = {
						CreatedOnToolsVersion = 8.2.1;
						DevelopmentTeam = 4UH48N8U4B;
						ProvisioningStyle = Automatic;
					};
					D96AF3761E24F45500AAA44C = {
						CreatedOnToolsVersion = 8.2.1;
						DevelopmentTeam = 4UH48N8U4B;
						ProvisioningStyle = Automatic;
						TestTargetID = D96AF35F1E24F45400AAA44C;
					};
					D96AF3811E24F45500AAA44C = {
						CreatedOnToolsVersion = 8.2.1;
						DevelopmentTeam = 4UH48N8U4B;
						ProvisioningStyle = Automatic;
						TestTargetID = D96AF35F1E24F45400AAA44C;
					};
				};
			};
			buildConfigurationList = D96AF35B1E24F45400AAA44C /* Build configuration list for PBXProject "MoreSQL" */;
			compatibilityVersion = "Xcode 3.2";
			developmentRegion = English;
			hasScannedForEncodings = 0;
			knownRegions = (
				en,
				Base,
			);
			mainGroup = D96AF3571E24F45400AAA44C;
			productRefGroup = D96AF3611E24F45400AAA44C /* Products */;
			projectDirPath = "";
			projectRoot = "";
			targets = (
				D96AF35F1E24F45400AAA44C /* MoreSQL */,
				D96AF3761E24F45500AAA44C /* MoreSQLTests */,
				D96AF3811E24F45500AAA44C /* MoreSQLUITests */,
			);
		};
/* End PBXProject section */

/* Begin PBXResourcesBuildPhase section */
		D96AF35E1E24F45400AAA44C /* Resources */ = {
			isa = PBXResourcesBuildPhase;
			buildActionMask = 2147483647;
			files = (
				D96AF3711E24F45400AAA44C /* LaunchScreen.storyboard in Resources */,
				D96AF36E1E24F45400AAA44C /* Assets.xcassets in Resources */,
				D96AF3691E24F45400AAA44C /* Main.storyboard in Resources */,
			);
			runOnlyForDeploymentPostprocessing = 0;
		};
		D96AF3751E24F45500AAA44C /* Resources */ = {
			isa = PBXResourcesBuildPhase;
			buildActionMask = 2147483647;
			files = (
			);
			runOnlyForDeploymentPostprocessing = 0;
		};
		D96AF3801E24F45500AAA44C /* Resources */ = {
			isa = PBXResourcesBuildPhase;
			buildActionMask = 2147483647;
			files = (
			);
			runOnlyForDeploymentPostprocessing = 0;
		};
/* End PBXResourcesBuildPhase section */

/* Begin PBXShellScriptBuildPhase section */
		06FF1F827C7E3BA5B7EDDEBE /* [CP] Check Pods Manifest.lock */ = {
			isa = PBXShellScriptBuildPhase;
			buildActionMask = 2147483647;
			files = (
			);
			inputPaths = (
			);
			name = "[CP] Check Pods Manifest.lock";
			outputPaths = (
			);
			runOnlyForDeploymentPostprocessing = 0;
			shellPath = /bin/sh;
			shellScript = "diff \"${PODS_ROOT}/../Podfile.lock\" \"${PODS_ROOT}/Manifest.lock\" > /dev/null\nif [ $? != 0 ] ; then\n    # print error to STDERR\n    echo \"error: The sandbox is not in sync with the Podfile.lock. Run 'pod install' or update your CocoaPods installation.\" >&2\n    exit 1\nfi\n";
			showEnvVarsInLog = 0;
		};
		462E124F302B3E4D0B3F0053 /* [CP] Check Pods Manifest.lock */ = {
			isa = PBXShellScriptBuildPhase;
			buildActionMask = 2147483647;
			files = (
			);
			inputPaths = (
			);
			name = "[CP] Check Pods Manifest.lock";
			outputPaths = (
			);
			runOnlyForDeploymentPostprocessing = 0;
			shellPath = /bin/sh;
			shellScript = "diff \"${PODS_ROOT}/../Podfile.lock\" \"${PODS_ROOT}/Manifest.lock\" > /dev/null\nif [ $? != 0 ] ; then\n    # print error to STDERR\n    echo \"error: The sandbox is not in sync with the Podfile.lock. Run 'pod install' or update your CocoaPods installation.\" >&2\n    exit 1\nfi\n";
			showEnvVarsInLog = 0;
		};
		5238363A267B88AD2E498280 /* [CP] Embed Pods Frameworks */ = {
			isa = PBXShellScriptBuildPhase;
			buildActionMask = 2147483647;
			files = (
			);
			inputPaths = (
			);
			name = "[CP] Embed Pods Frameworks";
			outputPaths = (
			);
			runOnlyForDeploymentPostprocessing = 0;
			shellPath = /bin/sh;
			shellScript = "\"${SRCROOT}/Pods/Target Support Files/Pods-MoreSQLUITests/Pods-MoreSQLUITests-frameworks.sh\"\n";
			showEnvVarsInLog = 0;
		};
		6AA44A987812F493B548752F /* [CP] Copy Pods Resources */ = {
			isa = PBXShellScriptBuildPhase;
			buildActionMask = 2147483647;
			files = (
			);
			inputPaths = (
			);
			name = "[CP] Copy Pods Resources";
			outputPaths = (
			);
			runOnlyForDeploymentPostprocessing = 0;
			shellPath = /bin/sh;
			shellScript = "\"${SRCROOT}/Pods/Target Support Files/Pods-MoreSQL/Pods-MoreSQL-resources.sh\"\n";
			showEnvVarsInLog = 0;
		};
		81C6FB3A5F3D6CCF6321F139 /* [CP] Embed Pods Frameworks */ = {
			isa = PBXShellScriptBuildPhase;
			buildActionMask = 2147483647;
			files = (
			);
			inputPaths = (
			);
			name = "[CP] Embed Pods Frameworks";
			outputPaths = (
			);
			runOnlyForDeploymentPostprocessing = 0;
			shellPath = /bin/sh;
			shellScript = "\"${SRCROOT}/Pods/Target Support Files/Pods-MoreSQL/Pods-MoreSQL-frameworks.sh\"\n";
			showEnvVarsInLog = 0;
		};
		8D7C1A99990C3C37D39B927D /* [CP] Embed Pods Frameworks */ = {
			isa = PBXShellScriptBuildPhase;
			buildActionMask = 2147483647;
			files = (
			);
			inputPaths = (
			);
			name = "[CP] Embed Pods Frameworks";
			outputPaths = (
			);
			runOnlyForDeploymentPostprocessing = 0;
			shellPath = /bin/sh;
			shellScript = "\"${SRCROOT}/Pods/Target Support Files/Pods-MoreSQLTests/Pods-MoreSQLTests-frameworks.sh\"\n";
			showEnvVarsInLog = 0;
		};
		9475FCCC2A84F4BF775C57A0 /* [CP] Copy Pods Resources */ = {
			isa = PBXShellScriptBuildPhase;
			buildActionMask = 2147483647;
			files = (
			);
			inputPaths = (
			);
			name = "[CP] Copy Pods Resources";
			outputPaths = (
			);
			runOnlyForDeploymentPostprocessing = 0;
			shellPath = /bin/sh;
			shellScript = "\"${SRCROOT}/Pods/Target Support Files/Pods-MoreSQLTests/Pods-MoreSQLTests-resources.sh\"\n";
			showEnvVarsInLog = 0;
		};
		D212602C174C458C1F647AB6 /* [CP] Copy Pods Resources */ = {
			isa = PBXShellScriptBuildPhase;
			buildActionMask = 2147483647;
			files = (
			);
			inputPaths = (
			);
			name = "[CP] Copy Pods Resources";
			outputPaths = (
			);
			runOnlyForDeploymentPostprocessing = 0;
			shellPath = /bin/sh;
			shellScript = "\"${SRCROOT}/Pods/Target Support Files/Pods-MoreSQLUITests/Pods-MoreSQLUITests-resources.sh\"\n";
			showEnvVarsInLog = 0;
		};
		DF182780ABF2FCA82792E9E1 /* [CP] Check Pods Manifest.lock */ = {
			isa = PBXShellScriptBuildPhase;
			buildActionMask = 2147483647;
			files = (
			);
			inputPaths = (
			);
			name = "[CP] Check Pods Manifest.lock";
			outputPaths = (
			);
			runOnlyForDeploymentPostprocessing = 0;
			shellPath = /bin/sh;
			shellScript = "diff \"${PODS_ROOT}/../Podfile.lock\" \"${PODS_ROOT}/Manifest.lock\" > /dev/null\nif [ $? != 0 ] ; then\n    # print error to STDERR\n    echo \"error: The sandbox is not in sync with the Podfile.lock. Run 'pod install' or update your CocoaPods installation.\" >&2\n    exit 1\nfi\n";
			showEnvVarsInLog = 0;
		};
/* End PBXShellScriptBuildPhase section */

/* Begin PBXSourcesBuildPhase section */
		D96AF35C1E24F45400AAA44C /* Sources */ = {
			isa = PBXSourcesBuildPhase;
			buildActionMask = 2147483647;
			files = (
				D96AF3661E24F45400AAA44C /* ViewController.swift in Sources */,
				D931EAC91E2DF4BC00085F7C /* SQLite.swift in Sources */,
				D96AF3641E24F45400AAA44C /* AppDelegate.swift in Sources */,
				D96AF3991E24F49300AAA44C /* SQLManager.swift in Sources */,
			);
			runOnlyForDeploymentPostprocessing = 0;
		};
		D96AF3731E24F45500AAA44C /* Sources */ = {
			isa = PBXSourcesBuildPhase;
			buildActionMask = 2147483647;
			files = (
				D96AF37C1E24F45500AAA44C /* MoreSQLTests.swift in Sources */,
			);
			runOnlyForDeploymentPostprocessing = 0;
		};
		D96AF37E1E24F45500AAA44C /* Sources */ = {
			isa = PBXSourcesBuildPhase;
			buildActionMask = 2147483647;
			files = (
				D96AF3871E24F45500AAA44C /* MoreSQLUITests.swift in Sources */,
			);
			runOnlyForDeploymentPostprocessing = 0;
		};
/* End PBXSourcesBuildPhase section */

/* Begin PBXTargetDependency section */
		D96AF3791E24F45500AAA44C /* PBXTargetDependency */ = {
			isa = PBXTargetDependency;
			target = D96AF35F1E24F45400AAA44C /* MoreSQL */;
			targetProxy = D96AF3781E24F45500AAA44C /* PBXContainerItemProxy */;
		};
		D96AF3841E24F45500AAA44C /* PBXTargetDependency */ = {
			isa = PBXTargetDependency;
			target = D96AF35F1E24F45400AAA44C /* MoreSQL */;
			targetProxy = D96AF3831E24F45500AAA44C /* PBXContainerItemProxy */;
		};
/* End PBXTargetDependency section */

/* Begin PBXVariantGroup section */
		D96AF3671E24F45400AAA44C /* Main.storyboard */ = {
			isa = PBXVariantGroup;
			children = (
				D96AF3681E24F45400AAA44C /* Base */,
			);
			name = Main.storyboard;
			sourceTree = "<group>";
		};
		D96AF36F1E24F45400AAA44C /* LaunchScreen.storyboard */ = {
			isa = PBXVariantGroup;
			children = (
				D96AF3701E24F45400AAA44C /* Base */,
			);
			name = LaunchScreen.storyboard;
			sourceTree = "<group>";
		};
/* End PBXVariantGroup section */

/* Begin XCBuildConfiguration section */
		D96AF3891E24F45500AAA44C /* Debug */ = {
			isa = XCBuildConfiguration;
			buildSettings = {
				ALWAYS_SEARCH_USER_PATHS = NO;
				CLANG_ANALYZER_NONNULL = YES;
				CLANG_CXX_LANGUAGE_STANDARD = "gnu++0x";
				CLANG_CXX_LIBRARY = "libc++";
				CLANG_ENABLE_MODULES = YES;
				CLANG_ENABLE_OBJC_ARC = YES;
				CLANG_WARN_BOOL_CONVERSION = YES;
				CLANG_WARN_CONSTANT_CONVERSION = YES;
				CLANG_WARN_DIRECT_OBJC_ISA_USAGE = YES_ERROR;
				CLANG_WARN_DOCUMENTATION_COMMENTS = YES;
				CLANG_WARN_EMPTY_BODY = YES;
				CLANG_WARN_ENUM_CONVERSION = YES;
				CLANG_WARN_INFINITE_RECURSION = YES;
				CLANG_WARN_INT_CONVERSION = YES;
				CLANG_WARN_OBJC_ROOT_CLASS = YES_ERROR;
				CLANG_WARN_SUSPICIOUS_MOVE = YES;
				CLANG_WARN_UNREACHABLE_CODE = YES;
				CLANG_WARN__DUPLICATE_METHOD_MATCH = YES;
				"CODE_SIGN_IDENTITY[sdk=iphoneos*]" = "iPhone Developer";
				COPY_PHASE_STRIP = NO;
				DEBUG_INFORMATION_FORMAT = dwarf;
				ENABLE_STRICT_OBJC_MSGSEND = YES;
				ENABLE_TESTABILITY = YES;
				GCC_C_LANGUAGE_STANDARD = gnu99;
				GCC_DYNAMIC_NO_PIC = NO;
				GCC_NO_COMMON_BLOCKS = YES;
				GCC_OPTIMIZATION_LEVEL = 0;
				GCC_PREPROCESSOR_DEFINITIONS = (
					"DEBUG=1",
					"$(inherited)",
				);
				GCC_WARN_64_TO_32_BIT_CONVERSION = YES;
				GCC_WARN_ABOUT_RETURN_TYPE = YES_ERROR;
				GCC_WARN_UNDECLARED_SELECTOR = YES;
				GCC_WARN_UNINITIALIZED_AUTOS = YES_AGGRESSIVE;
				GCC_WARN_UNUSED_FUNCTION = YES;
				GCC_WARN_UNUSED_VARIABLE = YES;
				IPHONEOS_DEPLOYMENT_TARGET = 10.2;
				MTL_ENABLE_DEBUG_INFO = YES;
				ONLY_ACTIVE_ARCH = YES;
				SDKROOT = iphoneos;
				SWIFT_ACTIVE_COMPILATION_CONDITIONS = DEBUG;
				SWIFT_OPTIMIZATION_LEVEL = "-Onone";
			};
			name = Debug;
		};
		D96AF38A1E24F45500AAA44C /* Release */ = {
			isa = XCBuildConfiguration;
			buildSettings = {
				ALWAYS_SEARCH_USER_PATHS = NO;
				CLANG_ANALYZER_NONNULL = YES;
				CLANG_CXX_LANGUAGE_STANDARD = "gnu++0x";
				CLANG_CXX_LIBRARY = "libc++";
				CLANG_ENABLE_MODULES = YES;
				CLANG_ENABLE_OBJC_ARC = YES;
				CLANG_WARN_BOOL_CONVERSION = YES;
				CLANG_WARN_CONSTANT_CONVERSION = YES;
				CLANG_WARN_DIRECT_OBJC_ISA_USAGE = YES_ERROR;
				CLANG_WARN_DOCUMENTATION_COMMENTS = YES;
				CLANG_WARN_EMPTY_BODY = YES;
				CLANG_WARN_ENUM_CONVERSION = YES;
				CLANG_WARN_INFINITE_RECURSION = YES;
				CLANG_WARN_INT_CONVERSION = YES;
				CLANG_WARN_OBJC_ROOT_CLASS = YES_ERROR;
				CLANG_WARN_SUSPICIOUS_MOVE = YES;
				CLANG_WARN_UNREACHABLE_CODE = YES;
				CLANG_WARN__DUPLICATE_METHOD_MATCH = YES;
				"CODE_SIGN_IDENTITY[sdk=iphoneos*]" = "iPhone Developer";
				COPY_PHASE_STRIP = NO;
				DEBUG_INFORMATION_FORMAT = "dwarf-with-dsym";
				ENABLE_NS_ASSERTIONS = NO;
				ENABLE_STRICT_OBJC_MSGSEND = YES;
				GCC_C_LANGUAGE_STANDARD = gnu99;
				GCC_NO_COMMON_BLOCKS = YES;
				GCC_WARN_64_TO_32_BIT_CONVERSION = YES;
				GCC_WARN_ABOUT_RETURN_TYPE = YES_ERROR;
				GCC_WARN_UNDECLARED_SELECTOR = YES;
				GCC_WARN_UNINITIALIZED_AUTOS = YES_AGGRESSIVE;
				GCC_WARN_UNUSED_FUNCTION = YES;
				GCC_WARN_UNUSED_VARIABLE = YES;
				IPHONEOS_DEPLOYMENT_TARGET = 10.2;
				MTL_ENABLE_DEBUG_INFO = NO;
				SDKROOT = iphoneos;
				SWIFT_OPTIMIZATION_LEVEL = "-Owholemodule";
				VALIDATE_PRODUCT = YES;
			};
			name = Release;
		};
		D96AF38C1E24F45500AAA44C /* Debug */ = {
			isa = XCBuildConfiguration;
			baseConfigurationReference = B2EF694A09841477C2A48292 /* Pods-MoreSQL.debug.xcconfig */;
			buildSettings = {
				ASSETCATALOG_COMPILER_APPICON_NAME = AppIcon;
				DEVELOPMENT_TEAM = 4UH48N8U4B;
				INFOPLIST_FILE = MoreSQL/Info.plist;
				LD_RUNPATH_SEARCH_PATHS = "$(inherited) @executable_path/Frameworks";
				PRODUCT_BUNDLE_IDENTIFIER = com.zhi.MoreSQL;
				PRODUCT_NAME = "$(TARGET_NAME)";
				SWIFT_OBJC_BRIDGING_HEADER = "MoreSQL/SQL-Bridging.h";
				SWIFT_VERSION = 3.0;
			};
			name = Debug;
		};
		D96AF38D1E24F45500AAA44C /* Release */ = {
			isa = XCBuildConfiguration;
			baseConfigurationReference = 8D4665E1F8B312AB038ED51F /* Pods-MoreSQL.release.xcconfig */;
			buildSettings = {
				ASSETCATALOG_COMPILER_APPICON_NAME = AppIcon;
				DEVELOPMENT_TEAM = 4UH48N8U4B;
				INFOPLIST_FILE = MoreSQL/Info.plist;
				LD_RUNPATH_SEARCH_PATHS = "$(inherited) @executable_path/Frameworks";
				PRODUCT_BUNDLE_IDENTIFIER = com.zhi.MoreSQL;
				PRODUCT_NAME = "$(TARGET_NAME)";
				SWIFT_OBJC_BRIDGING_HEADER = "MoreSQL/SQL-Bridging.h";
				SWIFT_VERSION = 3.0;
			};
			name = Release;
		};
		D96AF38F1E24F45500AAA44C /* Debug */ = {
			isa = XCBuildConfiguration;
			baseConfigurationReference = CBA2770306096B348E12D8EF /* Pods-MoreSQLTests.debug.xcconfig */;
			buildSettings = {
				ALWAYS_EMBED_SWIFT_STANDARD_LIBRARIES = YES;
				BUNDLE_LOADER = "$(TEST_HOST)";
				DEVELOPMENT_TEAM = 4UH48N8U4B;
				INFOPLIST_FILE = MoreSQLTests/Info.plist;
				LD_RUNPATH_SEARCH_PATHS = "$(inherited) @executable_path/Frameworks @loader_path/Frameworks";
				PRODUCT_BUNDLE_IDENTIFIER = com.zhi.MoreSQLTests;
				PRODUCT_NAME = "$(TARGET_NAME)";
				SWIFT_VERSION = 3.0;
				TEST_HOST = "$(BUILT_PRODUCTS_DIR)/MoreSQL.app/MoreSQL";
			};
			name = Debug;
		};
		D96AF3901E24F45500AAA44C /* Release */ = {
			isa = XCBuildConfiguration;
			baseConfigurationReference = F4EE6FD4B9E9FF5980798DE9 /* Pods-MoreSQLTests.release.xcconfig */;
			buildSettings = {
				ALWAYS_EMBED_SWIFT_STANDARD_LIBRARIES = YES;
				BUNDLE_LOADER = "$(TEST_HOST)";
				DEVELOPMENT_TEAM = 4UH48N8U4B;
				INFOPLIST_FILE = MoreSQLTests/Info.plist;
				LD_RUNPATH_SEARCH_PATHS = "$(inherited) @executable_path/Frameworks @loader_path/Frameworks";
				PRODUCT_BUNDLE_IDENTIFIER = com.zhi.MoreSQLTests;
				PRODUCT_NAME = "$(TARGET_NAME)";
				SWIFT_VERSION = 3.0;
				TEST_HOST = "$(BUILT_PRODUCTS_DIR)/MoreSQL.app/MoreSQL";
			};
			name = Release;
		};
		D96AF3921E24F45500AAA44C /* Debug */ = {
			isa = XCBuildConfiguration;
			baseConfigurationReference = B13D55660CE418ED82CD20AA /* Pods-MoreSQLUITests.debug.xcconfig */;
			buildSettings = {
				ALWAYS_EMBED_SWIFT_STANDARD_LIBRARIES = YES;
				DEVELOPMENT_TEAM = 4UH48N8U4B;
				INFOPLIST_FILE = MoreSQLUITests/Info.plist;
				LD_RUNPATH_SEARCH_PATHS = "$(inherited) @executable_path/Frameworks @loader_path/Frameworks";
				PRODUCT_BUNDLE_IDENTIFIER = com.zhi.MoreSQLUITests;
				PRODUCT_NAME = "$(TARGET_NAME)";
				SWIFT_VERSION = 3.0;
				TEST_TARGET_NAME = MoreSQL;
			};
			name = Debug;
		};
		D96AF3931E24F45500AAA44C /* Release */ = {
			isa = XCBuildConfiguration;
			baseConfigurationReference = 5C97878122D26F76D203C690 /* Pods-MoreSQLUITests.release.xcconfig */;
			buildSettings = {
				ALWAYS_EMBED_SWIFT_STANDARD_LIBRARIES = YES;
				DEVELOPMENT_TEAM = 4UH48N8U4B;
				INFOPLIST_FILE = MoreSQLUITests/Info.plist;
				LD_RUNPATH_SEARCH_PATHS = "$(inherited) @executable_path/Frameworks @loader_path/Frameworks";
				PRODUCT_BUNDLE_IDENTIFIER = com.zhi.MoreSQLUITests;
				PRODUCT_NAME = "$(TARGET_NAME)";
				SWIFT_VERSION = 3.0;
				TEST_TARGET_NAME = MoreSQL;
			};
			name = Release;
		};
/* End XCBuildConfiguration section */

/* Begin XCConfigurationList section */
		D96AF35B1E24F45400AAA44C /* Build configuration list for PBXProject "MoreSQL" */ = {
			isa = XCConfigurationList;
			buildConfigurations = (
				D96AF3891E24F45500AAA44C /* Debug */,
				D96AF38A1E24F45500AAA44C /* Release */,
			);
			defaultConfigurationIsVisible = 0;
			defaultConfigurationName = Release;
		};
		D96AF38B1E24F45500AAA44C /* Build configuration list for PBXNativeTarget "MoreSQL" */ = {
			isa = XCConfigurationList;
			buildConfigurations = (
				D96AF38C1E24F45500AAA44C /* Debug */,
				D96AF38D1E24F45500AAA44C /* Release */,
			);
			defaultConfigurationIsVisible = 0;
			defaultConfigurationName = Release;
		};
		D96AF38E1E24F45500AAA44C /* Build configuration list for PBXNativeTarget "MoreSQLTests" */ = {
			isa = XCConfigurationList;
			buildConfigurations = (
				D96AF38F1E24F45500AAA44C /* Debug */,
				D96AF3901E24F45500AAA44C /* Release */,
			);
			defaultConfigurationIsVisible = 0;
			defaultConfigurationName = Release;
		};
		D96AF3911E24F45500AAA44C /* Build configuration list for PBXNativeTarget "MoreSQLUITests" */ = {
			isa = XCConfigurationList;
			buildConfigurations = (
				D96AF3921E24F45500AAA44C /* Debug */,
				D96AF3931E24F45500AAA44C /* Release */,
			);
			defaultConfigurationIsVisible = 0;
			defaultConfigurationName = Release;
		};
/* End XCConfigurationList section */
	};
	rootObject = D96AF3581E24F45400AAA44C /* Project object */;
}
